lockfileVersion: '9.0'

settings:
  autoInstallPeers: true
  excludeLinksFromLockfile: false

importers:

  .:
    dependencies:
      dayjs:
        specifier: 1.11.13
        version: 1.11.13
      nanoid:
        specifier: 5.0.9
        version: 5.0.9

packages:

  dayjs@1.11.13:
    resolution: {integrity: sha512-oaMBel6gjolK862uaPQOVTA7q3TZhuSvuMQAAglQDOWYO9A91IrAOUJEyKVlqJlHE0vq5p5UXxzdPfMH/x6xNg==}

  nanoid@5.0.9:
    resolution: {integrity: sha512-Aooyr6MXU6HpvvWXKoVoXwKMs/KyVakWwg7xQfv5/S/RIgJMy0Ifa45H9qqYy7pTCszrHzP21Uk4PZq2HpEM8Q==}
    engines: {node: ^18 || >=20}
    hasBin: true

snapshots:

  dayjs@1.11.13: {}

  nanoid@5.0.9: {}
