lockfileVersion: '9.0'

settings:
  autoInstallPeers: true
  excludeLinksFromLockfile: false

importers:

  .:
    dependencies:
      dayjs:
        specifier: 1.11.13
        version: 1.11.13
      nanoid:
        specifier: 6.0.1
        version: 6.0.1

packages:

  dayjs@1.11.13:
    resolution: {integrity: sha512-oaMBel6gjolK862uaPQOVTA7q3TZhuSvuMQAAglQDOWYO9A91IrAOUJEyKVlqJlHE0vq5p5UXxzdPfMH/x6xNg==}

  nanoid@6.0.1:
    resolution: {integrity: sha512-3wVS3i51pE2pi1k5FFL/95BGfVS0kSsvDVuGXHOtxox/TywUmtgq+3qiTOTbs9J7KfHaXPiN171k/A6dBnaXFw==}
    engines: {node: ^22 || ^24 || >=26}
    hasBin: true

snapshots:

  dayjs@1.11.13: {}

  nanoid@6.0.1: {}
